
Microsoft Visual Studio Solution File, Format Version 12.00
# Visual Studio 15
VisualStudioVersion = 15.0.26430.12
MinimumVisualStudioVersion = 10.0.40219.1
Project("{FAE04EC0-301F-11D3-BF4B-00C04F79EFBC}") = "imperugo.corsi.flashmobile.services", "imperugo.corsi.flashmobile.services\imperugo.corsi.flashmobile.services.csproj", "{1FBBD78F-4C37-40C0-B874-53753A1BE6D7}"
EndProject
Project("{FAE04EC0-301F-11D3-BF4B-00C04F79EFBC}") = "imperugo.corsi.flashmobile.common", "imperugo.corsi.flashmobile.common\imperugo.corsi.flashmobile.common.csproj", "{EE9846D9-7DE5-4C97-9C4B-D5D622382841}"
EndProject
Global
	GlobalSection(SolutionConfigurationPlatforms) = preSolution
		Debug|Any CPU = Debug|Any CPU
		Release|Any CPU = Release|Any CPU
	EndGlobalSection
	GlobalSection(ProjectConfigurationPlatforms) = postSolution
		{1FBBD78F-4C37-40C0-B874-53753A1BE6D7}.Debug|Any CPU.ActiveCfg = Debug|Any CPU
		{1FBBD78F-4C37-40C0-B874-53753A1BE6D7}.Debug|Any CPU.Build.0 = Debug|Any CPU
		{1FBBD78F-4C37-40C0-B874-53753A1BE6D7}.Release|Any CPU.ActiveCfg = Release|Any CPU
		{1FBBD78F-4C37-40C0-B874-53753A1BE6D7}.Release|Any CPU.Build.0 = Release|Any CPU
		{EE9846D9-7DE5-4C97-9C4B-D5D622382841}.Debug|Any CPU.ActiveCfg = Debug|Any CPU
		{EE9846D9-7DE5-4C97-9C4B-D5D622382841}.Debug|Any CPU.Build.0 = Debug|Any CPU
		{EE9846D9-7DE5-4C97-9C4B-D5D622382841}.Release|Any CPU.ActiveCfg = Release|Any CPU
		{EE9846D9-7DE5-4C97-9C4B-D5D622382841}.Release|Any CPU.Build.0 = Release|Any CPU
	EndGlobalSection
	GlobalSection(SolutionProperties) = preSolution
		HideSolutionNode = FALSE
	EndGlobalSection
EndGlobal
